
Microsoft Visual Studio Solution File, Format Version 12.00
# Visual Studio Version 17
VisualStudioVersion = 17.1.31903.286
MinimumVisualStudioVersion = 10.0.40219.1
Project("{FAE04EC0-301F-11D3-BF4B-00C04F79EFBC}") = "Unit_Test", "Unit_Test\Unit_Test.csproj", "{DF21FEEC-B91B-40FA-BC1D-D83D5C6B38E6}"
EndProject
Global
	GlobalSection(SolutionConfigurationPlatforms) = preSolution
		Debug|Any CPU = Debug|Any CPU
		Release|Any CPU = Release|Any CPU
	EndGlobalSection
	GlobalSection(ProjectConfigurationPlatforms) = postSolution
		{DF21FEEC-B91B-40FA-BC1D-D83D5C6B38E6}.Debug|Any CPU.ActiveCfg = Debug|Any CPU
		{DF21FEEC-B91B-40FA-BC1D-D83D5C6B38E6}.Debug|Any CPU.Build.0 = Debug|Any CPU
		{DF21FEEC-B91B-40FA-BC1D-D83D5C6B38E6}.Release|Any CPU.ActiveCfg = Release|Any CPU
		{DF21FEEC-B91B-40FA-BC1D-D83D5C6B38E6}.Release|Any CPU.Build.0 = Release|Any CPU
	EndGlobalSection
	GlobalSection(SolutionProperties) = preSolution
		HideSolutionNode = FALSE
	EndGlobalSection
	GlobalSection(ExtensibilityGlobals) = postSolution
		SolutionGuid = {A7FDC39E-63B5-4F0C-B732-550EC2286B96}
	EndGlobalSection
EndGlobal
