
Microsoft Visual Studio Solution File, Format Version 12.00
# Visual Studio Version 17
VisualStudioVersion = 17.1.31903.286
MinimumVisualStudioVersion = 10.0.40219.1
Project("{FAE04EC0-301F-11D3-BF4B-00C04F79EFBC}") = "Pract2", "Pract2\Pract2.csproj", "{B7D2E5A7-B2A0-4C29-9349-58B238B13310}"
EndProject
Global
	GlobalSection(SolutionConfigurationPlatforms) = preSolution
		Debug|Any CPU = Debug|Any CPU
		Release|Any CPU = Release|Any CPU
	EndGlobalSection
	GlobalSection(ProjectConfigurationPlatforms) = postSolution
		{B7D2E5A7-B2A0-4C29-9349-58B238B13310}.Debug|Any CPU.ActiveCfg = Debug|Any CPU
		{B7D2E5A7-B2A0-4C29-9349-58B238B13310}.Debug|Any CPU.Build.0 = Debug|Any CPU
		{B7D2E5A7-B2A0-4C29-9349-58B238B13310}.Release|Any CPU.ActiveCfg = Release|Any CPU
		{B7D2E5A7-B2A0-4C29-9349-58B238B13310}.Release|Any CPU.Build.0 = Release|Any CPU
	EndGlobalSection
	GlobalSection(SolutionProperties) = preSolution
		HideSolutionNode = FALSE
	EndGlobalSection
	GlobalSection(ExtensibilityGlobals) = postSolution
		SolutionGuid = {5E32DC7E-511C-4F42-AD66-923FAF91ECC0}
	EndGlobalSection
EndGlobal
