
Microsoft Visual Studio Solution File, Format Version 12.00
# Visual Studio Version 16
VisualStudioVersion = 16.0.31729.503
MinimumVisualStudioVersion = 10.0.40219.1
Project("{FAE04EC0-301F-11D3-BF4B-00C04F79EFBC}") = "Базовое ООП 5 варик", "Базовое ООП 5 варик\Базовое ООП 5 варик.csproj", "{C89803CE-A93B-4EE0-9ED3-5D29E0C52583}"
EndProject
Global
	GlobalSection(SolutionConfigurationPlatforms) = preSolution
		Debug|Any CPU = Debug|Any CPU
		Release|Any CPU = Release|Any CPU
	EndGlobalSection
	GlobalSection(ProjectConfigurationPlatforms) = postSolution
		{C89803CE-A93B-4EE0-9ED3-5D29E0C52583}.Debug|Any CPU.ActiveCfg = Debug|Any CPU
		{C89803CE-A93B-4EE0-9ED3-5D29E0C52583}.Debug|Any CPU.Build.0 = Debug|Any CPU
		{C89803CE-A93B-4EE0-9ED3-5D29E0C52583}.Release|Any CPU.ActiveCfg = Release|Any CPU
		{C89803CE-A93B-4EE0-9ED3-5D29E0C52583}.Release|Any CPU.Build.0 = Release|Any CPU
	EndGlobalSection
	GlobalSection(SolutionProperties) = preSolution
		HideSolutionNode = FALSE
	EndGlobalSection
	GlobalSection(ExtensibilityGlobals) = postSolution
		SolutionGuid = {EE49B68E-FA4F-4BB8-B44B-C4C225926C91}
	EndGlobalSection
EndGlobal
