
Microsoft Visual Studio Solution File, Format Version 12.00
# Visual Studio Version 16
VisualStudioVersion = 16.0.31624.102
MinimumVisualStudioVersion = 10.0.40219.1
Project("{FAE04EC0-301F-11D3-BF4B-00C04F79EFBC}") = "Laba21_TRPO", "Laba21_TRPO\Laba21_TRPO.csproj", "{44F2666D-5271-4C6A-98F7-97A43F99913B}"
EndProject
Global
	GlobalSection(SolutionConfigurationPlatforms) = preSolution
		Debug|Any CPU = Debug|Any CPU
		Release|Any CPU = Release|Any CPU
	EndGlobalSection
	GlobalSection(ProjectConfigurationPlatforms) = postSolution
		{44F2666D-5271-4C6A-98F7-97A43F99913B}.Debug|Any CPU.ActiveCfg = Debug|Any CPU
		{44F2666D-5271-4C6A-98F7-97A43F99913B}.Debug|Any CPU.Build.0 = Debug|Any CPU
		{44F2666D-5271-4C6A-98F7-97A43F99913B}.Release|Any CPU.ActiveCfg = Release|Any CPU
		{44F2666D-5271-4C6A-98F7-97A43F99913B}.Release|Any CPU.Build.0 = Release|Any CPU
	EndGlobalSection
	GlobalSection(SolutionProperties) = preSolution
		HideSolutionNode = FALSE
	EndGlobalSection
	GlobalSection(ExtensibilityGlobals) = postSolution
		SolutionGuid = {D8149F5D-6C5A-43BD-9E06-34AEFB9644E3}
	EndGlobalSection
EndGlobal
