
Microsoft Visual Studio Solution File, Format Version 12.00
# Visual Studio Version 17
VisualStudioVersion = 17.1.31903.286
MinimumVisualStudioVersion = 10.0.40219.1
Project("{FAE04EC0-301F-11D3-BF4B-00C04F79EFBC}") = "Try_Catch_Final1and2", "Try_Catch_Final1and2\Try_Catch_Final1and2.csproj", "{C0520049-4BE5-4DA7-AAA9-DC721284995E}"
EndProject
Project("{FAE04EC0-301F-11D3-BF4B-00C04F79EFBC}") = "Task1_2", "Task1_1\Task1_2.csproj", "{22743C54-7A79-4134-B277-14860FF9F545}"
EndProject
Project("{FAE04EC0-301F-11D3-BF4B-00C04F79EFBC}") = "Task2", "Task2\Task2.csproj", "{EF0AA250-B844-4497-89D2-7FD969029F21}"
EndProject
Global
	GlobalSection(SolutionConfigurationPlatforms) = preSolution
		Debug|Any CPU = Debug|Any CPU
		Release|Any CPU = Release|Any CPU
	EndGlobalSection
	GlobalSection(ProjectConfigurationPlatforms) = postSolution
		{C0520049-4BE5-4DA7-AAA9-DC721284995E}.Debug|Any CPU.ActiveCfg = Debug|Any CPU
		{C0520049-4BE5-4DA7-AAA9-DC721284995E}.Debug|Any CPU.Build.0 = Debug|Any CPU
		{C0520049-4BE5-4DA7-AAA9-DC721284995E}.Release|Any CPU.ActiveCfg = Release|Any CPU
		{C0520049-4BE5-4DA7-AAA9-DC721284995E}.Release|Any CPU.Build.0 = Release|Any CPU
		{22743C54-7A79-4134-B277-14860FF9F545}.Debug|Any CPU.ActiveCfg = Debug|Any CPU
		{22743C54-7A79-4134-B277-14860FF9F545}.Debug|Any CPU.Build.0 = Debug|Any CPU
		{22743C54-7A79-4134-B277-14860FF9F545}.Release|Any CPU.ActiveCfg = Release|Any CPU
		{22743C54-7A79-4134-B277-14860FF9F545}.Release|Any CPU.Build.0 = Release|Any CPU
		{EF0AA250-B844-4497-89D2-7FD969029F21}.Debug|Any CPU.ActiveCfg = Debug|Any CPU
		{EF0AA250-B844-4497-89D2-7FD969029F21}.Debug|Any CPU.Build.0 = Debug|Any CPU
		{EF0AA250-B844-4497-89D2-7FD969029F21}.Release|Any CPU.ActiveCfg = Release|Any CPU
		{EF0AA250-B844-4497-89D2-7FD969029F21}.Release|Any CPU.Build.0 = Release|Any CPU
	EndGlobalSection
	GlobalSection(SolutionProperties) = preSolution
		HideSolutionNode = FALSE
	EndGlobalSection
	GlobalSection(ExtensibilityGlobals) = postSolution
		SolutionGuid = {97D48865-72CF-4AE0-8C18-1B0091AD8196}
	EndGlobalSection
EndGlobal
